
Microsoft Visual Studio Solution File, Format Version 12.00
# Visual Studio 15
VisualStudioVersion = 15.0.27703.2042
MinimumVisualStudioVersion = 10.0.40219.1
Project("{FAE04EC0-301F-11D3-BF4B-00C04F79EFBC}") = "Example1", "Example1\Example1.csproj", "{CD752233-991A-46B0-B730-2B9CD5769A2C}"
EndProject
Project("{FAE04EC0-301F-11D3-BF4B-00C04F79EFBC}") = "Example2", "Example2\Example2.csproj", "{9D917E20-9B40-451E-A8B2-6D3BDC0F2E71}"
EndProject
Global
	GlobalSection(SolutionConfigurationPlatforms) = preSolution
		Debug|Any CPU = Debug|Any CPU
		Release|Any CPU = Release|Any CPU
	EndGlobalSection
	GlobalSection(ProjectConfigurationPlatforms) = postSolution
		{CD752233-991A-46B0-B730-2B9CD5769A2C}.Debug|Any CPU.ActiveCfg = Debug|Any CPU
		{CD752233-991A-46B0-B730-2B9CD5769A2C}.Debug|Any CPU.Build.0 = Debug|Any CPU
		{CD752233-991A-46B0-B730-2B9CD5769A2C}.Release|Any CPU.ActiveCfg = Release|Any CPU
		{CD752233-991A-46B0-B730-2B9CD5769A2C}.Release|Any CPU.Build.0 = Release|Any CPU
		{9D917E20-9B40-451E-A8B2-6D3BDC0F2E71}.Debug|Any CPU.ActiveCfg = Debug|Any CPU
		{9D917E20-9B40-451E-A8B2-6D3BDC0F2E71}.Debug|Any CPU.Build.0 = Debug|Any CPU
		{9D917E20-9B40-451E-A8B2-6D3BDC0F2E71}.Release|Any CPU.ActiveCfg = Release|Any CPU
		{9D917E20-9B40-451E-A8B2-6D3BDC0F2E71}.Release|Any CPU.Build.0 = Release|Any CPU
	EndGlobalSection
	GlobalSection(SolutionProperties) = preSolution
		HideSolutionNode = FALSE
	EndGlobalSection
	GlobalSection(ExtensibilityGlobals) = postSolution
		SolutionGuid = {67FE58A5-0E96-4F78-9C2B-5927DDA223C4}
	EndGlobalSection
EndGlobal
